
Microsoft Visual Studio Solution File, Format Version 12.00
# Visual Studio Version 16
VisualStudioVersion = 16.0.30907.101
MinimumVisualStudioVersion = 10.0.40219.1
Project("{FAE04EC0-301F-11D3-BF4B-00C04F79EFBC}") = "WpfBrowserApp1", "WpfBrowserApp1\WpfBrowserApp1.csproj", "{82C703ED-A3A6-41C4-A22D-7E5D5226560F}"
EndProject
Project("{FAE04EC0-301F-11D3-BF4B-00C04F79EFBC}") = "WpfCustomControlLibrary1", "WpfCustomControlLibrary1\WpfCustomControlLibrary1.csproj", "{5CED94D3-E64F-4C97-AC8C-9CC90C9D3F17}"
EndProject
Project("{FAE04EC0-301F-11D3-BF4B-00C04F79EFBC}") = "WpfUtils", "WpfUtils\WpfUtils.csproj", "{6C0235CE-3066-466F-9C8A-4A3B92F08C51}"
EndProject
Project("{FAE04EC0-301F-11D3-BF4B-00C04F79EFBC}") = "WpfCoreApp1", "WpfCoreApp1\WpfCoreApp1.csproj", "{3F1BC782-E56F-441B-96E1-8DF005DEBC73}"
EndProject
Project("{FAE04EC0-301F-11D3-BF4B-00C04F79EFBC}") = "WpfCoreCustomControlLibrary1", "WpfCoreCustomControlLibrary1\WpfCoreCustomControlLibrary1.csproj", "{6DB7E366-DDAF-4674-AE28-07431FEFF8DB}"
EndProject
Project("{2150E333-8FDC-42A3-9474-1A3956D46DE8}") = ".NET45", ".NET45", "{05CC4325-D17F-4110-867B-476798D85FB7}"
EndProject
Project("{2150E333-8FDC-42A3-9474-1A3956D46DE8}") = ".NETCORE31", ".NETCORE31", "{CBC3FD54-3316-4034-AECA-CB1266D4A64C}"
EndProject
Global
	GlobalSection(SolutionConfigurationPlatforms) = preSolution
		Debug|Any CPU = Debug|Any CPU
		Release|Any CPU = Release|Any CPU
	EndGlobalSection
	GlobalSection(ProjectConfigurationPlatforms) = postSolution
		{82C703ED-A3A6-41C4-A22D-7E5D5226560F}.Debug|Any CPU.ActiveCfg = Debug|Any CPU
		{82C703ED-A3A6-41C4-A22D-7E5D5226560F}.Debug|Any CPU.Build.0 = Debug|Any CPU
		{82C703ED-A3A6-41C4-A22D-7E5D5226560F}.Release|Any CPU.ActiveCfg = Release|Any CPU
		{82C703ED-A3A6-41C4-A22D-7E5D5226560F}.Release|Any CPU.Build.0 = Release|Any CPU
		{5CED94D3-E64F-4C97-AC8C-9CC90C9D3F17}.Debug|Any CPU.ActiveCfg = Debug|Any CPU
		{5CED94D3-E64F-4C97-AC8C-9CC90C9D3F17}.Debug|Any CPU.Build.0 = Debug|Any CPU
		{5CED94D3-E64F-4C97-AC8C-9CC90C9D3F17}.Release|Any CPU.ActiveCfg = Release|Any CPU
		{5CED94D3-E64F-4C97-AC8C-9CC90C9D3F17}.Release|Any CPU.Build.0 = Release|Any CPU
		{6C0235CE-3066-466F-9C8A-4A3B92F08C51}.Debug|Any CPU.ActiveCfg = Debug|Any CPU
		{6C0235CE-3066-466F-9C8A-4A3B92F08C51}.Debug|Any CPU.Build.0 = Debug|Any CPU
		{6C0235CE-3066-466F-9C8A-4A3B92F08C51}.Release|Any CPU.ActiveCfg = Release|Any CPU
		{6C0235CE-3066-466F-9C8A-4A3B92F08C51}.Release|Any CPU.Build.0 = Release|Any CPU
		{3F1BC782-E56F-441B-96E1-8DF005DEBC73}.Debug|Any CPU.ActiveCfg = Debug|Any CPU
		{3F1BC782-E56F-441B-96E1-8DF005DEBC73}.Debug|Any CPU.Build.0 = Debug|Any CPU
		{3F1BC782-E56F-441B-96E1-8DF005DEBC73}.Release|Any CPU.ActiveCfg = Release|Any CPU
		{3F1BC782-E56F-441B-96E1-8DF005DEBC73}.Release|Any CPU.Build.0 = Release|Any CPU
		{6DB7E366-DDAF-4674-AE28-07431FEFF8DB}.Debug|Any CPU.ActiveCfg = Debug|Any CPU
		{6DB7E366-DDAF-4674-AE28-07431FEFF8DB}.Debug|Any CPU.Build.0 = Debug|Any CPU
		{6DB7E366-DDAF-4674-AE28-07431FEFF8DB}.Release|Any CPU.ActiveCfg = Release|Any CPU
		{6DB7E366-DDAF-4674-AE28-07431FEFF8DB}.Release|Any CPU.Build.0 = Release|Any CPU
	EndGlobalSection
	GlobalSection(SolutionProperties) = preSolution
		HideSolutionNode = FALSE
	EndGlobalSection
	GlobalSection(NestedProjects) = preSolution
		{82C703ED-A3A6-41C4-A22D-7E5D5226560F} = {05CC4325-D17F-4110-867B-476798D85FB7}
		{5CED94D3-E64F-4C97-AC8C-9CC90C9D3F17} = {05CC4325-D17F-4110-867B-476798D85FB7}
		{6C0235CE-3066-466F-9C8A-4A3B92F08C51} = {05CC4325-D17F-4110-867B-476798D85FB7}
		{3F1BC782-E56F-441B-96E1-8DF005DEBC73} = {CBC3FD54-3316-4034-AECA-CB1266D4A64C}
		{6DB7E366-DDAF-4674-AE28-07431FEFF8DB} = {CBC3FD54-3316-4034-AECA-CB1266D4A64C}
	EndGlobalSection
	GlobalSection(ExtensibilityGlobals) = postSolution
		SolutionGuid = {3AB736AA-F9D3-4F73-817B-1DDA38F66CF7}
	EndGlobalSection
EndGlobal
